// !$*UTF8*$!
{
	archiveVersion = 1;
	classes = {
	};
	objectVersion = 46;
	objects = {

/* Begin PBXBuildFile section */
		66D1027D1BB4A2A20056D47E /* AppDelegate.swift in Sources */ = {isa = PBXBuildFile; fileRef = 66D1027C1BB4A2A20056D47E /* AppDelegate.swift */; };
		66D1027F1BB4A2A20056D47E /* ViewController.swift in Sources */ = {isa = PBXBuildFile; fileRef = 66D1027E1BB4A2A20056D47E /* ViewController.swift */; };
		66D102821BB4A2A20056D47E /* Main.storyboard in Resources */ = {isa = PBXBuildFile; fileRef = 66D102801BB4A2A20056D47E /* Main.storyboard */; };
		66D102841BB4A2A20056D47E /* Assets.xcassets in Resources */ = {isa = PBXBuildFile; fileRef = 66D102831BB4A2A20056D47E /* Assets.xcassets */; };
		66D102871BB4A2A20056D47E /* LaunchScreen.storyboard in Resources */ = {isa = PBXBuildFile; fileRef = 66D102851BB4A2A20056D47E /* LaunchScreen.storyboard */; };
/* End PBXBuildFile section */

/* Begin PBXFileReference section */
		66D102791BB4A2A20056D47E /* Segues Example.app */ = {isa = PBXFileReference; explicitFileType = wrapper.application; includeInIndex = 0; path = "Segues Example.app"; sourceTree = BUILT_PRODUCTS_DIR; };
		66D1027C1BB4A2A20056D47E /* AppDelegate.swift */ = {isa = PBXFileReference; lastKnownFileType = sourcecode.swift; path = AppDelegate.swift; sourceTree = "<group>"; };
		66D1027E1BB4A2A20056D47E /* ViewController.swift */ = {isa = PBXFileReference; lastKnownFileType = sourcecode.swift; path = ViewController.swift; sourceTree = "<group>"; };
		66D102811BB4A2A20056D47E /* Base */ = {isa = PBXFileReference; lastKnownFileType = file.storyboard; name = Base; path = Base.lproj/Main.storyboard; sourceTree = "<group>"; };
		66D102831BB4A2A20056D47E /* Assets.xcassets */ = {isa = PBXFileReference; lastKnownFileType = folder.assetcatalog; path = Assets.xcassets; sourceTree = "<group>"; };
		66D102861BB4A2A20056D47E /* Base */ = {isa = PBXFileReference; lastKnownFileType = file.storyboard; name = Base; path = Base.lproj/LaunchScreen.storyboard; sourceTree = "<group>"; };
		66D102881BB4A2A20056D47E /* Info.plist */ = {isa = PBXFileReference; lastKnownFileType = text.plist.xml; path = Info.plist; sourceTree = "<group>"; };
/* End PBXFileReference section */

/* Begin PBXFrameworksBuildPhase section */
		66D102761BB4A2A20056D47E /* Frameworks */ = {
			isa = PBXFrameworksBuildPhase;
			buildActionMask = 2147483647;
			files = (
			);
			runOnlyForDeploymentPostprocessing = 0;
		};
/* End PBXFrameworksBuildPhase section */

/* Begin PBXGroup section */
		66D102701BB4A2A20056D47E = {
			isa = PBXGroup;
			children = (
				66D1027B1BB4A2A20056D47E /* Segues Example */,
				66D1027A1BB4A2A20056D47E /* Products */,
			);
			sourceTree = "<group>";
		};
		66D1027A1BB4A2A20056D47E /* Products */ = {
			isa = PBXGroup;
			children = (
				66D102791BB4A2A20056D47E /* Segues Example.app */,
			);
			name = Products;
			sourceTree = "<group>";
		};
		66D1027B1BB4A2A20056D47E /* Segues Example */ = {
			isa = PBXGroup;
			children = (
				66D1027C1BB4A2A20056D47E /* AppDelegate.swift */,
				66D1027E1BB4A2A20056D47E /* ViewController.swift */,
				66D102801BB4A2A20056D47E /* Main.storyboard */,
				66D102831BB4A2A20056D47E /* Assets.xcassets */,
				66D102851BB4A2A20056D47E /* LaunchScreen.storyboard */,
				66D102881BB4A2A20056D47E /* Info.plist */,
			);
			path = "Segues Example";
			sourceTree = "<group>";
		};
/* End PBXGroup section */

/* Begin PBXNativeTarget section */
		66D102781BB4A2A20056D47E /* Segues Example */ = {
			isa = PBXNativeTarget;
			buildConfigurationList = 66D1028B1BB4A2A20056D47E /* Build configuration list for PBXNativeTarget "Segues Example" */;
			buildPhases = (
				66D102751BB4A2A20056D47E /* Sources */,
				66D102761BB4A2A20056D47E /* Frameworks */,
				66D102771BB4A2A20056D47E /* Resources */,
			);
			buildRules = (
			);
			dependencies = (
			);
			name = "Segues Example";
			productName = "Segues Example";
			productReference = 66D102791BB4A2A20056D47E /* Segues Example.app */;
			productType = "com.apple.product-type.application";
		};
/* End PBXNativeTarget section */

/* Begin PBXProject section */
		66D102711BB4A2A20056D47E /* Project object */ = {
			isa = PBXProject;
			attributes = {
				LastUpgradeCheck = 0700;
				ORGANIZATIONNAME = "Keith Burton";
				TargetAttributes = {
					66D102781BB4A2A20056D47E = {
						CreatedOnToolsVersion = 7.0;
						DevelopmentTeam = FCGBAZLSAN;
					};
				};
			};
			buildConfigurationList = 66D102741BB4A2A20056D47E /* Build configuration list for PBXProject "Segues Example" */;
			compatibilityVersion = "Xcode 3.2";
			developmentRegion = English;
			hasScannedForEncodings = 0;
			knownRegions = (
				en,
				Base,
			);
			mainGroup = 66D102701BB4A2A20056D47E;
			productRefGroup = 66D1027A1BB4A2A20056D47E /* Products */;
			projectDirPath = "";
			projectRoot = "";
			targets = (
				66D102781BB4A2A20056D47E /* Segues Example */,
			);
		};
/* End PBXProject section */

/* Begin PBXResourcesBuildPhase section */
		66D102771BB4A2A20056D47E /* Resources */ = {
			isa = PBXResourcesBuildPhase;
			buildActionMask = 2147483647;
			files = (
				66D102871BB4A2A20056D47E /* LaunchScreen.storyboard in Resources */,
				66D102841BB4A2A20056D47E /* Assets.xcassets in Resources */,
				66D102821BB4A2A20056D47E /* Main.storyboard in Resources */,
			);
			runOnlyForDeploymentPostprocessing = 0;
		};
/* End PBXResourcesBuildPhase section */

/* Begin PBXSourcesBuildPhase section */
		66D102751BB4A2A20056D47E /* Sources */ = {
			isa = PBXSourcesBuildPhase;
			buildActionMask = 2147483647;
			files = (
				66D1027F1BB4A2A20056D47E /* ViewController.swift in Sources */,
				66D1027D1BB4A2A20056D47E /* AppDelegate.swift in Sources */,
			);
			runOnlyForDeploymentPostprocessing = 0;
		};
/* End PBXSourcesBuildPhase section */

/* Begin PBXVariantGroup section */
		66D102801BB4A2A20056D47E /* Main.storyboard */ = {
			isa = PBXVariantGroup;
			children = (
				66D102811BB4A2A20056D47E /* Base */,
			);
			name = Main.storyboard;
			sourceTree = "<group>";
		};
		66D102851BB4A2A20056D47E /* LaunchScreen.storyboard */ = {
			isa = PBXVariantGroup;
			children = (
				66D102861BB4A2A20056D47E /* Base */,
			);
			name = LaunchScreen.storyboard;
			sourceTree = "<group>";
		};
/* End PBXVariantGroup section */

/* Begin XCBuildConfiguration section */
		66D102891BB4A2A20056D47E /* Debug */ = {
			isa = XCBuildConfiguration;
			buildSettings = {
				ALWAYS_SEARCH_USER_PATHS = NO;
				CLANG_CXX_LANGUAGE_STANDARD = "gnu++0x";
				CLANG_CXX_LIBRARY = "libc++";
				CLANG_ENABLE_MODULES = YES;
				CLANG_ENABLE_OBJC_ARC = YES;
				CLANG_WARN_BOOL_CONVERSION = YES;
				CLANG_WARN_CONSTANT_CONVERSION = YES;
				CLANG_WARN_DIRECT_OBJC_ISA_USAGE = YES_ERROR;
				CLANG_WARN_EMPTY_BODY = YES;
				CLANG_WARN_ENUM_CONVERSION = YES;
				CLANG_WARN_INT_CONVERSION = YES;
				CLANG_WARN_OBJC_ROOT_CLASS = YES_ERROR;
				CLANG_WARN_UNREACHABLE_CODE = YES;
				CLANG_WARN__DUPLICATE_METHOD_MATCH = YES;
				"CODE_SIGN_IDENTITY[sdk=iphoneos*]" = "iPhone Developer";
				COPY_PHASE_STRIP = NO;
				DEBUG_INFORMATION_FORMAT = dwarf;
				ENABLE_STRICT_OBJC_MSGSEND = YES;
				ENABLE_TESTABILITY = YES;
				GCC_C_LANGUAGE_STANDARD = gnu99;
				GCC_DYNAMIC_NO_PIC = NO;
				GCC_NO_COMMON_BLOCKS = YES;
				GCC_OPTIMIZATION_LEVEL = 0;
				GCC_PREPROCESSOR_DEFINITIONS = (
					"DEBUG=1",
					"$(inherited)",
				);
				GCC_WARN_64_TO_32_BIT_CONVERSION = YES;
				GCC_WARN_ABOUT_RETURN_TYPE = YES_ERROR;
				GCC_WARN_UNDECLARED_SELECTOR = YES;
				GCC_WARN_UNINITIALIZED_AUTOS = YES_AGGRESSIVE;
				GCC_WARN_UNUSED_FUNCTION = YES;
				GCC_WARN_UNUSED_VARIABLE = YES;
				IPHONEOS_DEPLOYMENT_TARGET = 9.0;
				MTL_ENABLE_DEBUG_INFO = YES;
				ONLY_ACTIVE_ARCH = YES;
				SDKROOT = iphoneos;
				SWIFT_OPTIMIZATION_LEVEL = "-Onone";
			};
			name = Debug;
		};
		66D1028A1BB4A2A20056D47E /* Release */ = {
			isa = XCBuildConfiguration;
			buildSettings = {
				ALWAYS_SEARCH_USER_PATHS = NO;
				CLANG_CXX_LANGUAGE_STANDARD = "gnu++0x";
				CLANG_CXX_LIBRARY = "libc++";
				CLANG_ENABLE_MODULES = YES;
				CLANG_ENABLE_OBJC_ARC = YES;
				CLANG_WARN_BOOL_CONVERSION = YES;
				CLANG_WARN_CONSTANT_CONVERSION = YES;
				CLANG_WARN_DIRECT_OBJC_ISA_USAGE = YES_ERROR;
				CLANG_WARN_EMPTY_BODY = YES;
				CLANG_WARN_ENUM_CONVERSION = YES;
				CLANG_WARN_INT_CONVERSION = YES;
				CLANG_WARN_OBJC_ROOT_CLASS = YES_ERROR;
				CLANG_WARN_UNREACHABLE_CODE = YES;
				CLANG_WARN__DUPLICATE_METHOD_MATCH = YES;
				"CODE_SIGN_IDENTITY[sdk=iphoneos*]" = "iPhone Developer";
				COPY_PHASE_STRIP = NO;
				DEBUG_INFORMATION_FORMAT = "dwarf-with-dsym";
				ENABLE_NS_ASSERTIONS = NO;
				ENABLE_STRICT_OBJC_MSGSEND = YES;
				GCC_C_LANGUAGE_STANDARD = gnu99;
				GCC_NO_COMMON_BLOCKS = YES;
				GCC_WARN_64_TO_32_BIT_CONVERSION = YES;
				GCC_WARN_ABOUT_RETURN_TYPE = YES_ERROR;
				GCC_WARN_UNDECLARED_SELECTOR = YES;
				GCC_WARN_UNINITIALIZED_AUTOS = YES_AGGRESSIVE;
				GCC_WARN_UNUSED_FUNCTION = YES;
				GCC_WARN_UNUSED_VARIABLE = YES;
				IPHONEOS_DEPLOYMENT_TARGET = 9.0;
				MTL_ENABLE_DEBUG_INFO = NO;
				SDKROOT = iphoneos;
				VALIDATE_PRODUCT = YES;
			};
			name = Release;
		};
		66D1028C1BB4A2A20056D47E /* Debug */ = {
			isa = XCBuildConfiguration;
			buildSettings = {
				ASSETCATALOG_COMPILER_APPICON_NAME = AppIcon;
				INFOPLIST_FILE = "Segues Example/Info.plist";
				LD_RUNPATH_SEARCH_PATHS = "$(inherited) @executable_path/Frameworks";
				PRODUCT_BUNDLE_IDENTIFIER = "com.KeithBurton.Segues-Example";
				PRODUCT_NAME = "$(TARGET_NAME)";
			};
			name = Debug;
		};
		66D1028D1BB4A2A20056D47E /* Release */ = {
			isa = XCBuildConfiguration;
			buildSettings = {
				ASSETCATALOG_COMPILER_APPICON_NAME = AppIcon;
				INFOPLIST_FILE = "Segues Example/Info.plist";
				LD_RUNPATH_SEARCH_PATHS = "$(inherited) @executable_path/Frameworks";
				PRODUCT_BUNDLE_IDENTIFIER = "com.KeithBurton.Segues-Example";
				PRODUCT_NAME = "$(TARGET_NAME)";
			};
			name = Release;
		};
/* End XCBuildConfiguration section */

/* Begin XCConfigurationList section */
		66D102741BB4A2A20056D47E /* Build configuration list for PBXProject "Segues Example" */ = {
			isa = XCConfigurationList;
			buildConfigurations = (
				66D102891BB4A2A20056D47E /* Debug */,
				66D1028A1BB4A2A20056D47E /* Release */,
			);
			defaultConfigurationIsVisible = 0;
			defaultConfigurationName = Release;
		};
		66D1028B1BB4A2A20056D47E /* Build configuration list for PBXNativeTarget "Segues Example" */ = {
			isa = XCConfigurationList;
			buildConfigurations = (
				66D1028C1BB4A2A20056D47E /* Debug */,
				66D1028D1BB4A2A20056D47E /* Release */,
			);
			defaultConfigurationIsVisible = 0;
		};
/* End XCConfigurationList section */
	};
	rootObject = 66D102711BB4A2A20056D47E /* Project object */;
}
